PODS:
  - Nimble (7.3.1)
  - SwiftPhotoGallery (3.3.1)

DEPENDENCIES:
  - Nimble (~> 7.3)
  - SwiftPhotoGallery (from `../`)

SPEC REPOS:
  https://github.com/cocoapods/specs.git:
    - Nimble

EXTERNAL SOURCES:
  SwiftPhotoGallery:
    :path: "../"

SPEC CHECKSUMS:
  Nimble: 04f732da099ea4d153122aec8c2a88fd0c7219ae
  SwiftPhotoGallery: e3fb601a6caba3b80e77469488c7ebac068475ef

PODFILE CHECKSUM: 7b0f73fe00468f136da8ea1b034ea8013cda09c4

COCOAPODS: 1.5.3
